
Microsoft Visual Studio Solution File, Format Version 12.00
# Visual Studio Version 16
VisualStudioVersion = 16.0.31402.337
MinimumVisualStudioVersion = 10.0.40219.1
Project("{9A19103F-16F7-4668-BE54-9A1E7A4F7556}") = "ArcAuth", "ArcAuth\ArcAuth.csproj", "{8800F974-5708-4BDB-AD3C-E123AAED10C8}"
EndProject
Project("{2150E333-8FDC-42A3-9474-1A3956D46DE8}") = "Solution Items", "Solution Items", "{CB854910-DE5C-44A2-9C50-B6F76396C638}"
	ProjectSection(SolutionItems) = preProject
		README.md = README.md
	EndProjectSection
EndProject
Global
	GlobalSection(SolutionConfigurationPlatforms) = preSolution
		Debug|Any CPU = Debug|Any CPU
		Release|Any CPU = Release|Any CPU
	EndGlobalSection
	GlobalSection(ProjectConfigurationPlatforms) = postSolution
		{8800F974-5708-4BDB-AD3C-E123AAED10C8}.Debug|Any CPU.ActiveCfg = Debug|Any CPU
		{8800F974-5708-4BDB-AD3C-E123AAED10C8}.Debug|Any CPU.Build.0 = Debug|Any CPU
		{8800F974-5708-4BDB-AD3C-E123AAED10C8}.Release|Any CPU.ActiveCfg = Release|Any CPU
		{8800F974-5708-4BDB-AD3C-E123AAED10C8}.Release|Any CPU.Build.0 = Release|Any CPU
	EndGlobalSection
	GlobalSection(SolutionProperties) = preSolution
		HideSolutionNode = FALSE
	EndGlobalSection
	GlobalSection(ExtensibilityGlobals) = postSolution
		SolutionGuid = {23E86B2A-BF79-4A6B-972B-D511C6C3530F}
	EndGlobalSection
EndGlobal
